
Microsoft Visual Studio Solution File, Format Version 12.00
# Visual Studio Version 17
VisualStudioVersion = 17.14.36109.1
MinimumVisualStudioVersion = 10.0.40219.1
Project("{FAE04EC0-301F-11D3-BF4B-00C04F79EFBC}") = "DataAccess", "DataAccess\DataAccess.csproj", "{11B535C3-AB7A-4B8C-A01A-0F2F002DB322}"
EndProject
Project("{FAE04EC0-301F-11D3-BF4B-00C04F79EFBC}") = "WindowsFormsApp1", "WindowsFormsApp1\WindowsFormsApp1.csproj", "{40052BE0-1E35-4BC3-B9DA-573534E79309}"
EndProject
Global
	GlobalSection(SolutionConfigurationPlatforms) = preSolution
		Debug|Any CPU = Debug|Any CPU
		Release|Any CPU = Release|Any CPU
	EndGlobalSection
	GlobalSection(ProjectConfigurationPlatforms) = postSolution
		{11B535C3-AB7A-4B8C-A01A-0F2F002DB322}.Debug|Any CPU.ActiveCfg = Debug|Any CPU
		{11B535C3-AB7A-4B8C-A01A-0F2F002DB322}.Debug|Any CPU.Build.0 = Debug|Any CPU
		{11B535C3-AB7A-4B8C-A01A-0F2F002DB322}.Release|Any CPU.ActiveCfg = Release|Any CPU
		{11B535C3-AB7A-4B8C-A01A-0F2F002DB322}.Release|Any CPU.Build.0 = Release|Any CPU
		{40052BE0-1E35-4BC3-B9DA-573534E79309}.Debug|Any CPU.ActiveCfg = Debug|Any CPU
		{40052BE0-1E35-4BC3-B9DA-573534E79309}.Debug|Any CPU.Build.0 = Debug|Any CPU
		{40052BE0-1E35-4BC3-B9DA-573534E79309}.Release|Any CPU.ActiveCfg = Release|Any CPU
		{40052BE0-1E35-4BC3-B9DA-573534E79309}.Release|Any CPU.Build.0 = Release|Any CPU
	EndGlobalSection
	GlobalSection(SolutionProperties) = preSolution
		HideSolutionNode = FALSE
	EndGlobalSection
	GlobalSection(ExtensibilityGlobals) = postSolution
		SolutionGuid = {343BB3B0-D0B8-446C-8D70-47BB58B0CED9}
	EndGlobalSection
EndGlobal
